// !$*UTF8*$!
{
	archiveVersion = 1;
	classes = {
	};
	objectVersion = 46;
	objects = {

/* Begin PBXBuildFile section */
		03EE54341371D18B89D38F88 /* Pods_WorkWithTurbolinks.framework in Frameworks */ = {isa = PBXBuildFile; fileRef = 9D8883E3D4BD18BF1CCFA1CF /* Pods_WorkWithTurbolinks.framework */; };
		2809AC931E8AA662002C77BB /* AppDelegate.swift in Sources */ = {isa = PBXBuildFile; fileRef = 2809AC921E8AA662002C77BB /* AppDelegate.swift */; };
		2809AC951E8AA662002C77BB /* ViewController.swift in Sources */ = {isa = PBXBuildFile; fileRef = 2809AC941E8AA662002C77BB /* ViewController.swift */; };
		2809AC981E8AA662002C77BB /* Main.storyboard in Resources */ = {isa = PBXBuildFile; fileRef = 2809AC961E8AA662002C77BB /* Main.storyboard */; };
		2809AC9A1E8AA662002C77BB /* Assets.xcassets in Resources */ = {isa = PBXBuildFile; fileRef = 2809AC991E8AA662002C77BB /* Assets.xcassets */; };
		2809AC9D1E8AA662002C77BB /* LaunchScreen.storyboard in Resources */ = {isa = PBXBuildFile; fileRef = 2809AC9B1E8AA662002C77BB /* LaunchScreen.storyboard */; };
		2809ACA81E8AA662002C77BB /* WorkWithTurbolinksTests.swift in Sources */ = {isa = PBXBuildFile; fileRef = 2809ACA71E8AA662002C77BB /* WorkWithTurbolinksTests.swift */; };
		2809ACB31E8AA662002C77BB /* WorkWithTurbolinksUITests.swift in Sources */ = {isa = PBXBuildFile; fileRef = 2809ACB21E8AA662002C77BB /* WorkWithTurbolinksUITests.swift */; };
		771EA9AA6B5445DCD75D989F /* Pods_WorkWithTurbolinksTests.framework in Frameworks */ = {isa = PBXBuildFile; fileRef = 47FA2063F3D297468083CFE7 /* Pods_WorkWithTurbolinksTests.framework */; };
		C393A5C467E6B4B93B10BE2A /* Pods_WorkWithTurbolinksUITests.framework in Frameworks */ = {isa = PBXBuildFile; fileRef = 11DC1794C7CB3458885C528C /* Pods_WorkWithTurbolinksUITests.framework */; };
/* End PBXBuildFile section */

/* Begin PBXContainerItemProxy section */
		2809ACA41E8AA662002C77BB /* PBXContainerItemProxy */ = {
			isa = PBXContainerItemProxy;
			containerPortal = 2809AC871E8AA662002C77BB /* Project object */;
			proxyType = 1;
			remoteGlobalIDString = 2809AC8E1E8AA662002C77BB;
			remoteInfo = WorkWithTurbolinks;
		};
		2809ACAF1E8AA662002C77BB /* PBXContainerItemProxy */ = {
			isa = PBXContainerItemProxy;
			containerPortal = 2809AC871E8AA662002C77BB /* Project object */;
			proxyType = 1;
			remoteGlobalIDString = 2809AC8E1E8AA662002C77BB;
			remoteInfo = WorkWithTurbolinks;
		};
/* End PBXContainerItemProxy section */

/* Begin PBXCopyFilesBuildPhase section */
		28991EF41E8EBA960091A347 /* Embed Frameworks */ = {
			isa = PBXCopyFilesBuildPhase;
			buildActionMask = 8;
			dstPath = "";
			dstSubfolderSpec = 10;
			files = (
			);
			name = "Embed Frameworks";
			runOnlyForDeploymentPostprocessing = 1;
		};
/* End PBXCopyFilesBuildPhase section */

/* Begin PBXFileReference section */
		11DC1794C7CB3458885C528C /* Pods_WorkWithTurbolinksUITests.framework */ = {isa = PBXFileReference; explicitFileType = wrapper.framework; includeInIndex = 0; path = Pods_WorkWithTurbolinksUITests.framework; sourceTree = BUILT_PRODUCTS_DIR; };
		2809AC8F1E8AA662002C77BB /* WorkWithTurbolinks.app */ = {isa = PBXFileReference; explicitFileType = wrapper.application; includeInIndex = 0; path = WorkWithTurbolinks.app; sourceTree = BUILT_PRODUCTS_DIR; };
		2809AC921E8AA662002C77BB /* AppDelegate.swift */ = {isa = PBXFileReference; lastKnownFileType = sourcecode.swift; path = AppDelegate.swift; sourceTree = "<group>"; };
		2809AC941E8AA662002C77BB /* ViewController.swift */ = {isa = PBXFileReference; lastKnownFileType = sourcecode.swift; path = ViewController.swift; sourceTree = "<group>"; };
		2809AC971E8AA662002C77BB /* Base */ = {isa = PBXFileReference; lastKnownFileType = file.storyboard; name = Base; path = Base.lproj/Main.storyboard; sourceTree = "<group>"; };
		2809AC991E8AA662002C77BB /* Assets.xcassets */ = {isa = PBXFileReference; lastKnownFileType = folder.assetcatalog; path = Assets.xcassets; sourceTree = "<group>"; };
		2809AC9C1E8AA662002C77BB /* Base */ = {isa = PBXFileReference; lastKnownFileType = file.storyboard; name = Base; path = Base.lproj/LaunchScreen.storyboard; sourceTree = "<group>"; };
		2809AC9E1E8AA662002C77BB /* Info.plist */ = {isa = PBXFileReference; lastKnownFileType = text.plist.xml; path = Info.plist; sourceTree = "<group>"; };
		2809ACA31E8AA662002C77BB /* WorkWithTurbolinksTests.xctest */ = {isa = PBXFileReference; explicitFileType = wrapper.cfbundle; includeInIndex = 0; path = WorkWithTurbolinksTests.xctest; sourceTree = BUILT_PRODUCTS_DIR; };
		2809ACA71E8AA662002C77BB /* WorkWithTurbolinksTests.swift */ = {isa = PBXFileReference; lastKnownFileType = sourcecode.swift; path = WorkWithTurbolinksTests.swift; sourceTree = "<group>"; };
		2809ACA91E8AA662002C77BB /* Info.plist */ = {isa = PBXFileReference; lastKnownFileType = text.plist.xml; path = Info.plist; sourceTree = "<group>"; };
		2809ACAE1E8AA662002C77BB /* WorkWithTurbolinksUITests.xctest */ = {isa = PBXFileReference; explicitFileType = wrapper.cfbundle; includeInIndex = 0; path = WorkWithTurbolinksUITests.xctest; sourceTree = BUILT_PRODUCTS_DIR; };
		2809ACB21E8AA662002C77BB /* WorkWithTurbolinksUITests.swift */ = {isa = PBXFileReference; lastKnownFileType = sourcecode.swift; path = WorkWithTurbolinksUITests.swift; sourceTree = "<group>"; };
		2809ACB41E8AA662002C77BB /* Info.plist */ = {isa = PBXFileReference; lastKnownFileType = text.plist.xml; path = Info.plist; sourceTree = "<group>"; };
		47B304AC0908768CE4C3355F /* Pods-WorkWithTurbolinks.release.xcconfig */ = {isa = PBXFileReference; includeInIndex = 1; lastKnownFileType = text.xcconfig; name = "Pods-WorkWithTurbolinks.release.xcconfig"; path = "Pods/Target Support Files/Pods-WorkWithTurbolinks/Pods-WorkWithTurbolinks.release.xcconfig"; sourceTree = "<group>"; };
		47FA2063F3D297468083CFE7 /* Pods_WorkWithTurbolinksTests.framework */ = {isa = PBXFileReference; explicitFileType = wrapper.framework; includeInIndex = 0; path = Pods_WorkWithTurbolinksTests.framework; sourceTree = BUILT_PRODUCTS_DIR; };
		60721C4E91D3DA831C7771FA /* Pods-WorkWithTurbolinksTests.release.xcconfig */ = {isa = PBXFileReference; includeInIndex = 1; lastKnownFileType = text.xcconfig; name = "Pods-WorkWithTurbolinksTests.release.xcconfig"; path = "Pods/Target Support Files/Pods-WorkWithTurbolinksTests/Pods-WorkWithTurbolinksTests.release.xcconfig"; sourceTree = "<group>"; };
		7498C7A8CC4C816F4F763F45 /* Pods-WorkWithTurbolinksTests.debug.xcconfig */ = {isa = PBXFileReference; includeInIndex = 1; lastKnownFileType = text.xcconfig; name = "Pods-WorkWithTurbolinksTests.debug.xcconfig"; path = "Pods/Target Support Files/Pods-WorkWithTurbolinksTests/Pods-WorkWithTurbolinksTests.debug.xcconfig"; sourceTree = "<group>"; };
		9D8883E3D4BD18BF1CCFA1CF /* Pods_WorkWithTurbolinks.framework */ = {isa = PBXFileReference; explicitFileType = wrapper.framework; includeInIndex = 0; path = Pods_WorkWithTurbolinks.framework; sourceTree = BUILT_PRODUCTS_DIR; };
		B63FD8554BFBDE558B800C6B /* Pods-WorkWithTurbolinks.debug.xcconfig */ = {isa = PBXFileReference; includeInIndex = 1; lastKnownFileType = text.xcconfig; name = "Pods-WorkWithTurbolinks.debug.xcconfig"; path = "Pods/Target Support Files/Pods-WorkWithTurbolinks/Pods-WorkWithTurbolinks.debug.xcconfig"; sourceTree = "<group>"; };
		E5B6C2D64FEEF6531CB4F01A /* Pods-WorkWithTurbolinksUITests.release.xcconfig */ = {isa = PBXFileReference; includeInIndex = 1; lastKnownFileType = text.xcconfig; name = "Pods-WorkWithTurbolinksUITests.release.xcconfig"; path = "Pods/Target Support Files/Pods-WorkWithTurbolinksUITests/Pods-WorkWithTurbolinksUITests.release.xcconfig"; sourceTree = "<group>"; };
		E9D3D3885D15CCC8AAE0D88A /* Pods-WorkWithTurbolinksUITests.debug.xcconfig */ = {isa = PBXFileReference; includeInIndex = 1; lastKnownFileType = text.xcconfig; name = "Pods-WorkWithTurbolinksUITests.debug.xcconfig"; path = "Pods/Target Support Files/Pods-WorkWithTurbolinksUITests/Pods-WorkWithTurbolinksUITests.debug.xcconfig"; sourceTree = "<group>"; };
/* End PBXFileReference section */

/* Begin PBXFrameworksBuildPhase section */
		2809AC8C1E8AA662002C77BB /* Frameworks */ = {
			isa = PBXFrameworksBuildPhase;
			buildActionMask = 2147483647;
			files = (
				03EE54341371D18B89D38F88 /* Pods_WorkWithTurbolinks.framework in Frameworks */,
			);
			runOnlyForDeploymentPostprocessing = 0;
		};
		2809ACA01E8AA662002C77BB /* Frameworks */ = {
			isa = PBXFrameworksBuildPhase;
			buildActionMask = 2147483647;
			files = (
				771EA9AA6B5445DCD75D989F /* Pods_WorkWithTurbolinksTests.framework in Frameworks */,
			);
			runOnlyForDeploymentPostprocessing = 0;
		};
		2809ACAB1E8AA662002C77BB /* Frameworks */ = {
			isa = PBXFrameworksBuildPhase;
			buildActionMask = 2147483647;
			files = (
				C393A5C467E6B4B93B10BE2A /* Pods_WorkWithTurbolinksUITests.framework in Frameworks */,
			);
			runOnlyForDeploymentPostprocessing = 0;
		};
/* End PBXFrameworksBuildPhase section */

/* Begin PBXGroup section */
		021957F5947A8A9F8AD43D9D /* Pods */ = {
			isa = PBXGroup;
			children = (
				B63FD8554BFBDE558B800C6B /* Pods-WorkWithTurbolinks.debug.xcconfig */,
				47B304AC0908768CE4C3355F /* Pods-WorkWithTurbolinks.release.xcconfig */,
				7498C7A8CC4C816F4F763F45 /* Pods-WorkWithTurbolinksTests.debug.xcconfig */,
				60721C4E91D3DA831C7771FA /* Pods-WorkWithTurbolinksTests.release.xcconfig */,
				E9D3D3885D15CCC8AAE0D88A /* Pods-WorkWithTurbolinksUITests.debug.xcconfig */,
				E5B6C2D64FEEF6531CB4F01A /* Pods-WorkWithTurbolinksUITests.release.xcconfig */,
			);
			name = Pods;
			sourceTree = "<group>";
		};
		2809AC861E8AA662002C77BB = {
			isa = PBXGroup;
			children = (
				2809AC911E8AA662002C77BB /* WorkWithTurbolinks */,
				2809ACA61E8AA662002C77BB /* WorkWithTurbolinksTests */,
				2809ACB11E8AA662002C77BB /* WorkWithTurbolinksUITests */,
				2809AC901E8AA662002C77BB /* Products */,
				021957F5947A8A9F8AD43D9D /* Pods */,
				E5C1F945F070C946A8E5C826 /* Frameworks */,
			);
			sourceTree = "<group>";
		};
		2809AC901E8AA662002C77BB /* Products */ = {
			isa = PBXGroup;
			children = (
				2809AC8F1E8AA662002C77BB /* WorkWithTurbolinks.app */,
				2809ACA31E8AA662002C77BB /* WorkWithTurbolinksTests.xctest */,
				2809ACAE1E8AA662002C77BB /* WorkWithTurbolinksUITests.xctest */,
			);
			name = Products;
			sourceTree = "<group>";
		};
		2809AC911E8AA662002C77BB /* WorkWithTurbolinks */ = {
			isa = PBXGroup;
			children = (
				2809AC921E8AA662002C77BB /* AppDelegate.swift */,
				2809AC941E8AA662002C77BB /* ViewController.swift */,
				2809AC961E8AA662002C77BB /* Main.storyboard */,
				2809AC991E8AA662002C77BB /* Assets.xcassets */,
				2809AC9B1E8AA662002C77BB /* LaunchScreen.storyboard */,
				2809AC9E1E8AA662002C77BB /* Info.plist */,
			);
			path = WorkWithTurbolinks;
			sourceTree = "<group>";
		};
		2809ACA61E8AA662002C77BB /* WorkWithTurbolinksTests */ = {
			isa = PBXGroup;
			children = (
				2809ACA71E8AA662002C77BB /* WorkWithTurbolinksTests.swift */,
				2809ACA91E8AA662002C77BB /* Info.plist */,
			);
			path = WorkWithTurbolinksTests;
			sourceTree = "<group>";
		};
		2809ACB11E8AA662002C77BB /* WorkWithTurbolinksUITests */ = {
			isa = PBXGroup;
			children = (
				2809ACB21E8AA662002C77BB /* WorkWithTurbolinksUITests.swift */,
				2809ACB41E8AA662002C77BB /* Info.plist */,
			);
			path = WorkWithTurbolinksUITests;
			sourceTree = "<group>";
		};
		E5C1F945F070C946A8E5C826 /* Frameworks */ = {
			isa = PBXGroup;
			children = (
				9D8883E3D4BD18BF1CCFA1CF /* Pods_WorkWithTurbolinks.framework */,
				47FA2063F3D297468083CFE7 /* Pods_WorkWithTurbolinksTests.framework */,
				11DC1794C7CB3458885C528C /* Pods_WorkWithTurbolinksUITests.framework */,
			);
			name = Frameworks;
			sourceTree = "<group>";
		};
/* End PBXGroup section */

/* Begin PBXNativeTarget section */
		2809AC8E1E8AA662002C77BB /* WorkWithTurbolinks */ = {
			isa = PBXNativeTarget;
			buildConfigurationList = 2809ACB71E8AA662002C77BB /* Build configuration list for PBXNativeTarget "WorkWithTurbolinks" */;
			buildPhases = (
				AC60BA7DAF3701D9BDD3C6E5 /* [CP] Check Pods Manifest.lock */,
				2809AC8B1E8AA662002C77BB /* Sources */,
				2809AC8C1E8AA662002C77BB /* Frameworks */,
				2809AC8D1E8AA662002C77BB /* Resources */,
				28991EF41E8EBA960091A347 /* Embed Frameworks */,
				D924CF0BDC94AFBA62B8D506 /* [CP] Embed Pods Frameworks */,
				FCA4E6D1A2E9BB98CDC35437 /* [CP] Copy Pods Resources */,
			);
			buildRules = (
			);
			dependencies = (
			);
			name = WorkWithTurbolinks;
			productName = WorkWithTurbolinks;
			productReference = 2809AC8F1E8AA662002C77BB /* WorkWithTurbolinks.app */;
			productType = "com.apple.product-type.application";
		};
		2809ACA21E8AA662002C77BB /* WorkWithTurbolinksTests */ = {
			isa = PBXNativeTarget;
			buildConfigurationList = 2809ACBA1E8AA662002C77BB /* Build configuration list for PBXNativeTarget "WorkWithTurbolinksTests" */;
			buildPhases = (
				D47B1BB434E036E4A33ADC63 /* [CP] Check Pods Manifest.lock */,
				2809AC9F1E8AA662002C77BB /* Sources */,
				2809ACA01E8AA662002C77BB /* Frameworks */,
				2809ACA11E8AA662002C77BB /* Resources */,
				FE769F5D0F2E2D6BC05E8EF4 /* [CP] Embed Pods Frameworks */,
				C2ABDCE7E4F6F85F5BF8C7A1 /* [CP] Copy Pods Resources */,
			);
			buildRules = (
			);
			dependencies = (
				2809ACA51E8AA662002C77BB /* PBXTargetDependency */,
			);
			name = WorkWithTurbolinksTests;
			productName = WorkWithTurbolinksTests;
			productReference = 2809ACA31E8AA662002C77BB /* WorkWithTurbolinksTests.xctest */;
			productType = "com.apple.product-type.bundle.unit-test";
		};
		2809ACAD1E8AA662002C77BB /* WorkWithTurbolinksUITests */ = {
			isa = PBXNativeTarget;
			buildConfigurationList = 2809ACBD1E8AA662002C77BB /* Build configuration list for PBXNativeTarget "WorkWithTurbolinksUITests" */;
			buildPhases = (
				837A146A254B067E0F6C00B2 /* [CP] Check Pods Manifest.lock */,
				2809ACAA1E8AA662002C77BB /* Sources */,
				2809ACAB1E8AA662002C77BB /* Frameworks */,
				2809ACAC1E8AA662002C77BB /* Resources */,
				70B2C8986C7D73F9E971CF59 /* [CP] Embed Pods Frameworks */,
				5EAFD7E38AF9C1F6336CEA14 /* [CP] Copy Pods Resources */,
			);
			buildRules = (
			);
			dependencies = (
				2809ACB01E8AA662002C77BB /* PBXTargetDependency */,
			);
			name = WorkWithTurbolinksUITests;
			productName = WorkWithTurbolinksUITests;
			productReference = 2809ACAE1E8AA662002C77BB /* WorkWithTurbolinksUITests.xctest */;
			productType = "com.apple.product-type.bundle.ui-testing";
		};
/* End PBXNativeTarget section */

/* Begin PBXProject section */
		2809AC871E8AA662002C77BB /* Project object */ = {
			isa = PBXProject;
			attributes = {
				LastSwiftUpdateCheck = 0820;
				LastUpgradeCheck = 0820;
				ORGANIZATIONNAME = "Michael Shatskiy";
				TargetAttributes = {
					2809AC8E1E8AA662002C77BB = {
						CreatedOnToolsVersion = 8.2.1;
						DevelopmentTeam = URBQ73W35Q;
						ProvisioningStyle = Automatic;
					};
					2809ACA21E8AA662002C77BB = {
						CreatedOnToolsVersion = 8.2.1;
						ProvisioningStyle = Automatic;
						TestTargetID = 2809AC8E1E8AA662002C77BB;
					};
					2809ACAD1E8AA662002C77BB = {
						CreatedOnToolsVersion = 8.2.1;
						ProvisioningStyle = Automatic;
						TestTargetID = 2809AC8E1E8AA662002C77BB;
					};
				};
			};
			buildConfigurationList = 2809AC8A1E8AA662002C77BB /* Build configuration list for PBXProject "WorkWithTurbolinks" */;
			compatibilityVersion = "Xcode 3.2";
			developmentRegion = English;
			hasScannedForEncodings = 0;
			knownRegions = (
				en,
				Base,
			);
			mainGroup = 2809AC861E8AA662002C77BB;
			productRefGroup = 2809AC901E8AA662002C77BB /* Products */;
			projectDirPath = "";
			projectRoot = "";
			targets = (
				2809AC8E1E8AA662002C77BB /* WorkWithTurbolinks */,
				2809ACA21E8AA662002C77BB /* WorkWithTurbolinksTests */,
				2809ACAD1E8AA662002C77BB /* WorkWithTurbolinksUITests */,
			);
		};
/* End PBXProject section */

/* Begin PBXResourcesBuildPhase section */
		2809AC8D1E8AA662002C77BB /* Resources */ = {
			isa = PBXResourcesBuildPhase;
			buildActionMask = 2147483647;
			files = (
				2809AC9D1E8AA662002C77BB /* LaunchScreen.storyboard in Resources */,
				2809AC9A1E8AA662002C77BB /* Assets.xcassets in Resources */,
				2809AC981E8AA662002C77BB /* Main.storyboard in Resources */,
			);
			runOnlyForDeploymentPostprocessing = 0;
		};
		2809ACA11E8AA662002C77BB /* Resources */ = {
			isa = PBXResourcesBuildPhase;
			buildActionMask = 2147483647;
			files = (
			);
			runOnlyForDeploymentPostprocessing = 0;
		};
		2809ACAC1E8AA662002C77BB /* Resources */ = {
			isa = PBXResourcesBuildPhase;
			buildActionMask = 2147483647;
			files = (
			);
			runOnlyForDeploymentPostprocessing = 0;
		};
/* End PBXResourcesBuildPhase section */

/* Begin PBXShellScriptBuildPhase section */
		5EAFD7E38AF9C1F6336CEA14 /* [CP] Copy Pods Resources */ = {
			isa = PBXShellScriptBuildPhase;
			buildActionMask = 2147483647;
			files = (
			);
			inputPaths = (
			);
			name = "[CP] Copy Pods Resources";
			outputPaths = (
			);
			runOnlyForDeploymentPostprocessing = 0;
			shellPath = /bin/sh;
			shellScript = "\"${SRCROOT}/Pods/Target Support Files/Pods-WorkWithTurbolinksUITests/Pods-WorkWithTurbolinksUITests-resources.sh\"\n";
			showEnvVarsInLog = 0;
		};
		70B2C8986C7D73F9E971CF59 /* [CP] Embed Pods Frameworks */ = {
			isa = PBXShellScriptBuildPhase;
			buildActionMask = 2147483647;
			files = (
			);
			inputPaths = (
			);
			name = "[CP] Embed Pods Frameworks";
			outputPaths = (
			);
			runOnlyForDeploymentPostprocessing = 0;
			shellPath = /bin/sh;
			shellScript = "\"${SRCROOT}/Pods/Target Support Files/Pods-WorkWithTurbolinksUITests/Pods-WorkWithTurbolinksUITests-frameworks.sh\"\n";
			showEnvVarsInLog = 0;
		};
		837A146A254B067E0F6C00B2 /* [CP] Check Pods Manifest.lock */ = {
			isa = PBXShellScriptBuildPhase;
			buildActionMask = 2147483647;
			files = (
			);
			inputPaths = (
			);
			name = "[CP] Check Pods Manifest.lock";
			outputPaths = (
			);
			runOnlyForDeploymentPostprocessing = 0;
			shellPath = /bin/sh;
			shellScript = "diff \"${PODS_ROOT}/../Podfile.lock\" \"${PODS_ROOT}/Manifest.lock\" > /dev/null\nif [ $? != 0 ] ; then\n    # print error to STDERR\n    echo \"error: The sandbox is not in sync with the Podfile.lock. Run 'pod install' or update your CocoaPods installation.\" >&2\n    exit 1\nfi\n";
			showEnvVarsInLog = 0;
		};
		AC60BA7DAF3701D9BDD3C6E5 /* [CP] Check Pods Manifest.lock */ = {
			isa = PBXShellScriptBuildPhase;
			buildActionMask = 2147483647;
			files = (
			);
			inputPaths = (
			);
			name = "[CP] Check Pods Manifest.lock";
			outputPaths = (
			);
			runOnlyForDeploymentPostprocessing = 0;
			shellPath = /bin/sh;
			shellScript = "diff \"${PODS_ROOT}/../Podfile.lock\" \"${PODS_ROOT}/Manifest.lock\" > /dev/null\nif [ $? != 0 ] ; then\n    # print error to STDERR\n    echo \"error: The sandbox is not in sync with the Podfile.lock. Run 'pod install' or update your CocoaPods installation.\" >&2\n    exit 1\nfi\n";
			showEnvVarsInLog = 0;
		};
		C2ABDCE7E4F6F85F5BF8C7A1 /* [CP] Copy Pods Resources */ = {
			isa = PBXShellScriptBuildPhase;
			buildActionMask = 2147483647;
			files = (
			);
			inputPaths = (
			);
			name = "[CP] Copy Pods Resources";
			outputPaths = (
			);
			runOnlyForDeploymentPostprocessing = 0;
			shellPath = /bin/sh;
			shellScript = "\"${SRCROOT}/Pods/Target Support Files/Pods-WorkWithTurbolinksTests/Pods-WorkWithTurbolinksTests-resources.sh\"\n";
			showEnvVarsInLog = 0;
		};
		D47B1BB434E036E4A33ADC63 /* [CP] Check Pods Manifest.lock */ = {
			isa = PBXShellScriptBuildPhase;
			buildActionMask = 2147483647;
			files = (
			);
			inputPaths = (
			);
			name = "[CP] Check Pods Manifest.lock";
			outputPaths = (
			);
			runOnlyForDeploymentPostprocessing = 0;
			shellPath = /bin/sh;
			shellScript = "diff \"${PODS_ROOT}/../Podfile.lock\" \"${PODS_ROOT}/Manifest.lock\" > /dev/null\nif [ $? != 0 ] ; then\n    # print error to STDERR\n    echo \"error: The sandbox is not in sync with the Podfile.lock. Run 'pod install' or update your CocoaPods installation.\" >&2\n    exit 1\nfi\n";
			showEnvVarsInLog = 0;
		};
		D924CF0BDC94AFBA62B8D506 /* [CP] Embed Pods Frameworks */ = {
			isa = PBXShellScriptBuildPhase;
			buildActionMask = 2147483647;
			files = (
			);
			inputPaths = (
			);
			name = "[CP] Embed Pods Frameworks";
			outputPaths = (
			);
			runOnlyForDeploymentPostprocessing = 0;
			shellPath = /bin/sh;
			shellScript = "\"${SRCROOT}/Pods/Target Support Files/Pods-WorkWithTurbolinks/Pods-WorkWithTurbolinks-frameworks.sh\"\n";
			showEnvVarsInLog = 0;
		};
		FCA4E6D1A2E9BB98CDC35437 /* [CP] Copy Pods Resources */ = {
			isa = PBXShellScriptBuildPhase;
			buildActionMask = 2147483647;
			files = (
			);
			inputPaths = (
			);
			name = "[CP] Copy Pods Resources";
			outputPaths = (
			);
			runOnlyForDeploymentPostprocessing = 0;
			shellPath = /bin/sh;
			shellScript = "\"${SRCROOT}/Pods/Target Support Files/Pods-WorkWithTurbolinks/Pods-WorkWithTurbolinks-resources.sh\"\n";
			showEnvVarsInLog = 0;
		};
		FE769F5D0F2E2D6BC05E8EF4 /* [CP] Embed Pods Frameworks */ = {
			isa = PBXShellScriptBuildPhase;
			buildActionMask = 2147483647;
			files = (
			);
			inputPaths = (
			);
			name = "[CP] Embed Pods Frameworks";
			outputPaths = (
			);
			runOnlyForDeploymentPostprocessing = 0;
			shellPath = /bin/sh;
			shellScript = "\"${SRCROOT}/Pods/Target Support Files/Pods-WorkWithTurbolinksTests/Pods-WorkWithTurbolinksTests-frameworks.sh\"\n";
			showEnvVarsInLog = 0;
		};
/* End PBXShellScriptBuildPhase section */

/* Begin PBXSourcesBuildPhase section */
		2809AC8B1E8AA662002C77BB /* Sources */ = {
			isa = PBXSourcesBuildPhase;
			buildActionMask = 2147483647;
			files = (
				2809AC951E8AA662002C77BB /* ViewController.swift in Sources */,
				2809AC931E8AA662002C77BB /* AppDelegate.swift in Sources */,
			);
			runOnlyForDeploymentPostprocessing = 0;
		};
		2809AC9F1E8AA662002C77BB /* Sources */ = {
			isa = PBXSourcesBuildPhase;
			buildActionMask = 2147483647;
			files = (
				2809ACA81E8AA662002C77BB /* WorkWithTurbolinksTests.swift in Sources */,
			);
			runOnlyForDeploymentPostprocessing = 0;
		};
		2809ACAA1E8AA662002C77BB /* Sources */ = {
			isa = PBXSourcesBuildPhase;
			buildActionMask = 2147483647;
			files = (
				2809ACB31E8AA662002C77BB /* WorkWithTurbolinksUITests.swift in Sources */,
			);
			runOnlyForDeploymentPostprocessing = 0;
		};
/* End PBXSourcesBuildPhase section */

/* Begin PBXTargetDependency section */
		2809ACA51E8AA662002C77BB /* PBXTargetDependency */ = {
			isa = PBXTargetDependency;
			target = 2809AC8E1E8AA662002C77BB /* WorkWithTurbolinks */;
			targetProxy = 2809ACA41E8AA662002C77BB /* PBXContainerItemProxy */;
		};
		2809ACB01E8AA662002C77BB /* PBXTargetDependency */ = {
			isa = PBXTargetDependency;
			target = 2809AC8E1E8AA662002C77BB /* WorkWithTurbolinks */;
			targetProxy = 2809ACAF1E8AA662002C77BB /* PBXContainerItemProxy */;
		};
/* End PBXTargetDependency section */

/* Begin PBXVariantGroup section */
		2809AC961E8AA662002C77BB /* Main.storyboard */ = {
			isa = PBXVariantGroup;
			children = (
				2809AC971E8AA662002C77BB /* Base */,
			);
			name = Main.storyboard;
			sourceTree = "<group>";
		};
		2809AC9B1E8AA662002C77BB /* LaunchScreen.storyboard */ = {
			isa = PBXVariantGroup;
			children = (
				2809AC9C1E8AA662002C77BB /* Base */,
			);
			name = LaunchScreen.storyboard;
			sourceTree = "<group>";
		};
/* End PBXVariantGroup section */

/* Begin XCBuildConfiguration section */
		2809ACB51E8AA662002C77BB /* Debug */ = {
			isa = XCBuildConfiguration;
			buildSettings = {
				ALWAYS_SEARCH_USER_PATHS = NO;
				CLANG_ANALYZER_NONNULL = YES;
				CLANG_CXX_LANGUAGE_STANDARD = "gnu++0x";
				CLANG_CXX_LIBRARY = "libc++";
				CLANG_ENABLE_MODULES = YES;
				CLANG_ENABLE_OBJC_ARC = YES;
				CLANG_WARN_BOOL_CONVERSION = YES;
				CLANG_WARN_CONSTANT_CONVERSION = YES;
				CLANG_WARN_DIRECT_OBJC_ISA_USAGE = YES_ERROR;
				CLANG_WARN_DOCUMENTATION_COMMENTS = YES;
				CLANG_WARN_EMPTY_BODY = YES;
				CLANG_WARN_ENUM_CONVERSION = YES;
				CLANG_WARN_INFINITE_RECURSION = YES;
				CLANG_WARN_INT_CONVERSION = YES;
				CLANG_WARN_OBJC_ROOT_CLASS = YES_ERROR;
				CLANG_WARN_SUSPICIOUS_MOVE = YES;
				CLANG_WARN_UNREACHABLE_CODE = YES;
				CLANG_WARN__DUPLICATE_METHOD_MATCH = YES;
				"CODE_SIGN_IDENTITY[sdk=iphoneos*]" = "iPhone Developer";
				COPY_PHASE_STRIP = NO;
				DEBUG_INFORMATION_FORMAT = dwarf;
				ENABLE_STRICT_OBJC_MSGSEND = YES;
				ENABLE_TESTABILITY = YES;
				GCC_C_LANGUAGE_STANDARD = gnu99;
				GCC_DYNAMIC_NO_PIC = NO;
				GCC_NO_COMMON_BLOCKS = YES;
				GCC_OPTIMIZATION_LEVEL = 0;
				GCC_PREPROCESSOR_DEFINITIONS = (
					"DEBUG=1",
					"$(inherited)",
				);
				GCC_WARN_64_TO_32_BIT_CONVERSION = YES;
				GCC_WARN_ABOUT_RETURN_TYPE = YES_ERROR;
				GCC_WARN_UNDECLARED_SELECTOR = YES;
				GCC_WARN_UNINITIALIZED_AUTOS = YES_AGGRESSIVE;
				GCC_WARN_UNUSED_FUNCTION = YES;
				GCC_WARN_UNUSED_VARIABLE = YES;
				IPHONEOS_DEPLOYMENT_TARGET = 10.0;
				MTL_ENABLE_DEBUG_INFO = YES;
				ONLY_ACTIVE_ARCH = YES;
				SDKROOT = iphoneos;
				SWIFT_ACTIVE_COMPILATION_CONDITIONS = DEBUG;
				SWIFT_OPTIMIZATION_LEVEL = "-Onone";
				SWIFT_VERSION = 3.0;
				TARGETED_DEVICE_FAMILY = "1,2";
				USER_HEADER_SEARCH_PATHS = Frameworks;
			};
			name = Debug;
		};
		2809ACB61E8AA662002C77BB /* Release */ = {
			isa = XCBuildConfiguration;
			buildSettings = {
				ALWAYS_SEARCH_USER_PATHS = NO;
				CLANG_ANALYZER_NONNULL = YES;
				CLANG_CXX_LANGUAGE_STANDARD = "gnu++0x";
				CLANG_CXX_LIBRARY = "libc++";
				CLANG_ENABLE_MODULES = YES;
				CLANG_ENABLE_OBJC_ARC = YES;
				CLANG_WARN_BOOL_CONVERSION = YES;
				CLANG_WARN_CONSTANT_CONVERSION = YES;
				CLANG_WARN_DIRECT_OBJC_ISA_USAGE = YES_ERROR;
				CLANG_WARN_DOCUMENTATION_COMMENTS = YES;
				CLANG_WARN_EMPTY_BODY = YES;
				CLANG_WARN_ENUM_CONVERSION = YES;
				CLANG_WARN_INFINITE_RECURSION = YES;
				CLANG_WARN_INT_CONVERSION = YES;
				CLANG_WARN_OBJC_ROOT_CLASS = YES_ERROR;
				CLANG_WARN_SUSPICIOUS_MOVE = YES;
				CLANG_WARN_UNREACHABLE_CODE = YES;
				CLANG_WARN__DUPLICATE_METHOD_MATCH = YES;
				"CODE_SIGN_IDENTITY[sdk=iphoneos*]" = "iPhone Developer";
				COPY_PHASE_STRIP = NO;
				DEBUG_INFORMATION_FORMAT = "dwarf-with-dsym";
				ENABLE_NS_ASSERTIONS = NO;
				ENABLE_STRICT_OBJC_MSGSEND = YES;
				GCC_C_LANGUAGE_STANDARD = gnu99;
				GCC_NO_COMMON_BLOCKS = YES;
				GCC_WARN_64_TO_32_BIT_CONVERSION = YES;
				GCC_WARN_ABOUT_RETURN_TYPE = YES_ERROR;
				GCC_WARN_UNDECLARED_SELECTOR = YES;
				GCC_WARN_UNINITIALIZED_AUTOS = YES_AGGRESSIVE;
				GCC_WARN_UNUSED_FUNCTION = YES;
				GCC_WARN_UNUSED_VARIABLE = YES;
				IPHONEOS_DEPLOYMENT_TARGET = 10.0;
				MTL_ENABLE_DEBUG_INFO = NO;
				SDKROOT = iphoneos;
				SWIFT_OPTIMIZATION_LEVEL = "-Owholemodule";
				SWIFT_VERSION = 3.0;
				TARGETED_DEVICE_FAMILY = "1,2";
				USER_HEADER_SEARCH_PATHS = Frameworks;
				VALIDATE_PRODUCT = YES;
			};
			name = Release;
		};
		2809ACB81E8AA662002C77BB /* Debug */ = {
			isa = XCBuildConfiguration;
			baseConfigurationReference = B63FD8554BFBDE558B800C6B /* Pods-WorkWithTurbolinks.debug.xcconfig */;
			buildSettings = {
				ASSETCATALOG_COMPILER_APPICON_NAME = AppIcon;
				DEFINES_MODULE = YES;
				DEVELOPMENT_TEAM = URBQ73W35Q;
				FRAMEWORK_SEARCH_PATHS = (
					"$(inherited)",
					"\"$PODS_CONFIGURATION_BUILD-DIR/Turbolinks\"",
				);
				HEADER_SEARCH_PATHS = "";
				INFOPLIST_FILE = WorkWithTurbolinks/Info.plist;
				IPHONEOS_DEPLOYMENT_TARGET = 10.0;
				LD_RUNPATH_SEARCH_PATHS = "$(inherited) @executable_path/Frameworks";
				OTHER_LDFLAGS = (
					"$(inherited)",
					"-framework",
					"\"Turbolinks\"",
				);
				PRODUCT_BUNDLE_IDENTIFIER = "-21.WorkWithTurbolinks";
				PRODUCT_NAME = "$(TARGET_NAME)";
				SDKROOT = iphoneos10.2;
				SWIFT_OPTIMIZATION_LEVEL = "-Onone";
				SWIFT_VERSION = 3.0;
				TARGETED_DEVICE_FAMILY = 1;
				USER_HEADER_SEARCH_PATHS = "";
			};
			name = Debug;
		};
		2809ACB91E8AA662002C77BB /* Release */ = {
			isa = XCBuildConfiguration;
			baseConfigurationReference = 47B304AC0908768CE4C3355F /* Pods-WorkWithTurbolinks.release.xcconfig */;
			buildSettings = {
				ASSETCATALOG_COMPILER_APPICON_NAME = AppIcon;
				DEFINES_MODULE = YES;
				DEVELOPMENT_TEAM = URBQ73W35Q;
				FRAMEWORK_SEARCH_PATHS = (
					"$(inherited)",
					"\"$PODS_CONFIGURATION_BUILD-DIR/Turbolinks\"",
				);
				HEADER_SEARCH_PATHS = "";
				INFOPLIST_FILE = WorkWithTurbolinks/Info.plist;
				IPHONEOS_DEPLOYMENT_TARGET = 10.0;
				LD_RUNPATH_SEARCH_PATHS = "$(inherited) @executable_path/Frameworks";
				ONLY_ACTIVE_ARCH = NO;
				OTHER_LDFLAGS = (
					"$(inherited)",
					"-framework",
					"\"Turbolinks\"",
				);
				PRODUCT_BUNDLE_IDENTIFIER = "-21.WorkWithTurbolinks";
				PRODUCT_NAME = "$(TARGET_NAME)";
				SDKROOT = iphoneos10.2;
				SWIFT_OPTIMIZATION_LEVEL = "-O";
				SWIFT_VERSION = 3.0;
				TARGETED_DEVICE_FAMILY = 1;
				USER_HEADER_SEARCH_PATHS = "";
			};
			name = Release;
		};
		2809ACBB1E8AA662002C77BB /* Debug */ = {
			isa = XCBuildConfiguration;
			baseConfigurationReference = 7498C7A8CC4C816F4F763F45 /* Pods-WorkWithTurbolinksTests.debug.xcconfig */;
			buildSettings = {
				ALWAYS_EMBED_SWIFT_STANDARD_LIBRARIES = YES;
				BUNDLE_LOADER = "$(TEST_HOST)";
				INFOPLIST_FILE = WorkWithTurbolinksTests/Info.plist;
				LD_RUNPATH_SEARCH_PATHS = "$(inherited) @executable_path/Frameworks @loader_path/Frameworks";
				PRODUCT_BUNDLE_IDENTIFIER = "-21.WorkWithTurbolinksTests";
				PRODUCT_NAME = "$(TARGET_NAME)";
				SWIFT_VERSION = 3.0;
				TEST_HOST = "$(BUILT_PRODUCTS_DIR)/WorkWithTurbolinks.app/WorkWithTurbolinks";
			};
			name = Debug;
		};
		2809ACBC1E8AA662002C77BB /* Release */ = {
			isa = XCBuildConfiguration;
			baseConfigurationReference = 60721C4E91D3DA831C7771FA /* Pods-WorkWithTurbolinksTests.release.xcconfig */;
			buildSettings = {
				ALWAYS_EMBED_SWIFT_STANDARD_LIBRARIES = YES;
				BUNDLE_LOADER = "$(TEST_HOST)";
				INFOPLIST_FILE = WorkWithTurbolinksTests/Info.plist;
				LD_RUNPATH_SEARCH_PATHS = "$(inherited) @executable_path/Frameworks @loader_path/Frameworks";
				PRODUCT_BUNDLE_IDENTIFIER = "-21.WorkWithTurbolinksTests";
				PRODUCT_NAME = "$(TARGET_NAME)";
				SWIFT_VERSION = 3.0;
				TEST_HOST = "$(BUILT_PRODUCTS_DIR)/WorkWithTurbolinks.app/WorkWithTurbolinks";
			};
			name = Release;
		};
		2809ACBE1E8AA662002C77BB /* Debug */ = {
			isa = XCBuildConfiguration;
			baseConfigurationReference = E9D3D3885D15CCC8AAE0D88A /* Pods-WorkWithTurbolinksUITests.debug.xcconfig */;
			buildSettings = {
				ALWAYS_EMBED_SWIFT_STANDARD_LIBRARIES = YES;
				INFOPLIST_FILE = WorkWithTurbolinksUITests/Info.plist;
				LD_RUNPATH_SEARCH_PATHS = "$(inherited) @executable_path/Frameworks @loader_path/Frameworks";
				PRODUCT_BUNDLE_IDENTIFIER = "-21.WorkWithTurbolinksUITests";
				PRODUCT_NAME = "$(TARGET_NAME)";
				SWIFT_VERSION = 3.0;
				TEST_TARGET_NAME = WorkWithTurbolinks;
			};
			name = Debug;
		};
		2809ACBF1E8AA662002C77BB /* Release */ = {
			isa = XCBuildConfiguration;
			baseConfigurationReference = E5B6C2D64FEEF6531CB4F01A /* Pods-WorkWithTurbolinksUITests.release.xcconfig */;
			buildSettings = {
				ALWAYS_EMBED_SWIFT_STANDARD_LIBRARIES = YES;
				INFOPLIST_FILE = WorkWithTurbolinksUITests/Info.plist;
				LD_RUNPATH_SEARCH_PATHS = "$(inherited) @executable_path/Frameworks @loader_path/Frameworks";
				PRODUCT_BUNDLE_IDENTIFIER = "-21.WorkWithTurbolinksUITests";
				PRODUCT_NAME = "$(TARGET_NAME)";
				SWIFT_VERSION = 3.0;
				TEST_TARGET_NAME = WorkWithTurbolinks;
			};
			name = Release;
		};
/* End XCBuildConfiguration section */

/* Begin XCConfigurationList section */
		2809AC8A1E8AA662002C77BB /* Build configuration list for PBXProject "WorkWithTurbolinks" */ = {
			isa = XCConfigurationList;
			buildConfigurations = (
				2809ACB51E8AA662002C77BB /* Debug */,
				2809ACB61E8AA662002C77BB /* Release */,
			);
			defaultConfigurationIsVisible = 0;
			defaultConfigurationName = Release;
		};
		2809ACB71E8AA662002C77BB /* Build configuration list for PBXNativeTarget "WorkWithTurbolinks" */ = {
			isa = XCConfigurationList;
			buildConfigurations = (
				2809ACB81E8AA662002C77BB /* Debug */,
				2809ACB91E8AA662002C77BB /* Release */,
			);
			defaultConfigurationIsVisible = 0;
			defaultConfigurationName = Release;
		};
		2809ACBA1E8AA662002C77BB /* Build configuration list for PBXNativeTarget "WorkWithTurbolinksTests" */ = {
			isa = XCConfigurationList;
			buildConfigurations = (
				2809ACBB1E8AA662002C77BB /* Debug */,
				2809ACBC1E8AA662002C77BB /* Release */,
			);
			defaultConfigurationIsVisible = 0;
			defaultConfigurationName = Release;
		};
		2809ACBD1E8AA662002C77BB /* Build configuration list for PBXNativeTarget "WorkWithTurbolinksUITests" */ = {
			isa = XCConfigurationList;
			buildConfigurations = (
				2809ACBE1E8AA662002C77BB /* Debug */,
				2809ACBF1E8AA662002C77BB /* Release */,
			);
			defaultConfigurationIsVisible = 0;
			defaultConfigurationName = Release;
		};
/* End XCConfigurationList section */
	};
	rootObject = 2809AC871E8AA662002C77BB /* Project object */;
}
