// !$*UTF8*$!
{
	archiveVersion = 1;
	classes = {
	};
	objectVersion = 46;
	objects = {

/* Begin PBXBuildFile section */
		2809AC931E8AA662002C77BB /* AppDelegate.swift in Sources */ = {isa = PBXBuildFile; fileRef = 2809AC921E8AA662002C77BB /* AppDelegate.swift */; };
		2809AC951E8AA662002C77BB /* ViewController.swift in Sources */ = {isa = PBXBuildFile; fileRef = 2809AC941E8AA662002C77BB /* ViewController.swift */; };
		2809AC981E8AA662002C77BB /* Main.storyboard in Resources */ = {isa = PBXBuildFile; fileRef = 2809AC961E8AA662002C77BB /* Main.storyboard */; };
		2809AC9A1E8AA662002C77BB /* Assets.xcassets in Resources */ = {isa = PBXBuildFile; fileRef = 2809AC991E8AA662002C77BB /* Assets.xcassets */; };
		2809AC9D1E8AA662002C77BB /* LaunchScreen.storyboard in Resources */ = {isa = PBXBuildFile; fileRef = 2809AC9B1E8AA662002C77BB /* LaunchScreen.storyboard */; };
		2809ACA81E8AA662002C77BB /* WorkWithTurbolinksTests.swift in Sources */ = {isa = PBXBuildFile; fileRef = 2809ACA71E8AA662002C77BB /* WorkWithTurbolinksTests.swift */; };
		2809ACB31E8AA662002C77BB /* WorkWithTurbolinksUITests.swift in Sources */ = {isa = PBXBuildFile; fileRef = 2809ACB21E8AA662002C77BB /* WorkWithTurbolinksUITests.swift */; };
/* End PBXBuildFile section */

/* Begin PBXContainerItemProxy section */
		2809ACA41E8AA662002C77BB /* PBXContainerItemProxy */ = {
			isa = PBXContainerItemProxy;
			containerPortal = 2809AC871E8AA662002C77BB /* Project object */;
			proxyType = 1;
			remoteGlobalIDString = 2809AC8E1E8AA662002C77BB;
			remoteInfo = WorkWithTurbolinks;
		};
		2809ACAF1E8AA662002C77BB /* PBXContainerItemProxy */ = {
			isa = PBXContainerItemProxy;
			containerPortal = 2809AC871E8AA662002C77BB /* Project object */;
			proxyType = 1;
			remoteGlobalIDString = 2809AC8E1E8AA662002C77BB;
			remoteInfo = WorkWithTurbolinks;
		};
/* End PBXContainerItemProxy section */

/* Begin PBXFileReference section */
		2809AC8F1E8AA662002C77BB /* WorkWithTurbolinks.app */ = {isa = PBXFileReference; explicitFileType = wrapper.application; includeInIndex = 0; path = WorkWithTurbolinks.app; sourceTree = BUILT_PRODUCTS_DIR; };
		2809AC921E8AA662002C77BB /* AppDelegate.swift */ = {isa = PBXFileReference; lastKnownFileType = sourcecode.swift; path = AppDelegate.swift; sourceTree = "<group>"; };
		2809AC941E8AA662002C77BB /* ViewController.swift */ = {isa = PBXFileReference; lastKnownFileType = sourcecode.swift; path = ViewController.swift; sourceTree = "<group>"; };
		2809AC971E8AA662002C77BB /* Base */ = {isa = PBXFileReference; lastKnownFileType = file.storyboard; name = Base; path = Base.lproj/Main.storyboard; sourceTree = "<group>"; };
		2809AC991E8AA662002C77BB /* Assets.xcassets */ = {isa = PBXFileReference; lastKnownFileType = folder.assetcatalog; path = Assets.xcassets; sourceTree = "<group>"; };
		2809AC9C1E8AA662002C77BB /* Base */ = {isa = PBXFileReference; lastKnownFileType = file.storyboard; name = Base; path = Base.lproj/LaunchScreen.storyboard; sourceTree = "<group>"; };
		2809AC9E1E8AA662002C77BB /* Info.plist */ = {isa = PBXFileReference; lastKnownFileType = text.plist.xml; path = Info.plist; sourceTree = "<group>"; };
		2809ACA31E8AA662002C77BB /* WorkWithTurbolinksTests.xctest */ = {isa = PBXFileReference; explicitFileType = wrapper.cfbundle; includeInIndex = 0; path = WorkWithTurbolinksTests.xctest; sourceTree = BUILT_PRODUCTS_DIR; };
		2809ACA71E8AA662002C77BB /* WorkWithTurbolinksTests.swift */ = {isa = PBXFileReference; lastKnownFileType = sourcecode.swift; path = WorkWithTurbolinksTests.swift; sourceTree = "<group>"; };
		2809ACA91E8AA662002C77BB /* Info.plist */ = {isa = PBXFileReference; lastKnownFileType = text.plist.xml; path = Info.plist; sourceTree = "<group>"; };
		2809ACAE1E8AA662002C77BB /* WorkWithTurbolinksUITests.xctest */ = {isa = PBXFileReference; explicitFileType = wrapper.cfbundle; includeInIndex = 0; path = WorkWithTurbolinksUITests.xctest; sourceTree = BUILT_PRODUCTS_DIR; };
		2809ACB21E8AA662002C77BB /* WorkWithTurbolinksUITests.swift */ = {isa = PBXFileReference; lastKnownFileType = sourcecode.swift; path = WorkWithTurbolinksUITests.swift; sourceTree = "<group>"; };
		2809ACB41E8AA662002C77BB /* Info.plist */ = {isa = PBXFileReference; lastKnownFileType = text.plist.xml; path = Info.plist; sourceTree = "<group>"; };
/* End PBXFileReference section */

/* Begin PBXFrameworksBuildPhase section */
		2809AC8C1E8AA662002C77BB /* Frameworks */ = {
			isa = PBXFrameworksBuildPhase;
			buildActionMask = 2147483647;
			files = (
			);
			runOnlyForDeploymentPostprocessing = 0;
		};
		2809ACA01E8AA662002C77BB /* Frameworks */ = {
			isa = PBXFrameworksBuildPhase;
			buildActionMask = 2147483647;
			files = (
			);
			runOnlyForDeploymentPostprocessing = 0;
		};
		2809ACAB1E8AA662002C77BB /* Frameworks */ = {
			isa = PBXFrameworksBuildPhase;
			buildActionMask = 2147483647;
			files = (
			);
			runOnlyForDeploymentPostprocessing = 0;
		};
/* End PBXFrameworksBuildPhase section */

/* Begin PBXGroup section */
		2809AC861E8AA662002C77BB = {
			isa = PBXGroup;
			children = (
				2809AC911E8AA662002C77BB /* WorkWithTurbolinks */,
				2809ACA61E8AA662002C77BB /* WorkWithTurbolinksTests */,
				2809ACB11E8AA662002C77BB /* WorkWithTurbolinksUITests */,
				2809AC901E8AA662002C77BB /* Products */,
			);
			sourceTree = "<group>";
		};
		2809AC901E8AA662002C77BB /* Products */ = {
			isa = PBXGroup;
			children = (
				2809AC8F1E8AA662002C77BB /* WorkWithTurbolinks.app */,
				2809ACA31E8AA662002C77BB /* WorkWithTurbolinksTests.xctest */,
				2809ACAE1E8AA662002C77BB /* WorkWithTurbolinksUITests.xctest */,
			);
			name = Products;
			sourceTree = "<group>";
		};
		2809AC911E8AA662002C77BB /* WorkWithTurbolinks */ = {
			isa = PBXGroup;
			children = (
				2809AC921E8AA662002C77BB /* AppDelegate.swift */,
				2809AC941E8AA662002C77BB /* ViewController.swift */,
				2809AC961E8AA662002C77BB /* Main.storyboard */,
				2809AC991E8AA662002C77BB /* Assets.xcassets */,
				2809AC9B1E8AA662002C77BB /* LaunchScreen.storyboard */,
				2809AC9E1E8AA662002C77BB /* Info.plist */,
			);
			path = WorkWithTurbolinks;
			sourceTree = "<group>";
		};
		2809ACA61E8AA662002C77BB /* WorkWithTurbolinksTests */ = {
			isa = PBXGroup;
			children = (
				2809ACA71E8AA662002C77BB /* WorkWithTurbolinksTests.swift */,
				2809ACA91E8AA662002C77BB /* Info.plist */,
			);
			path = WorkWithTurbolinksTests;
			sourceTree = "<group>";
		};
		2809ACB11E8AA662002C77BB /* WorkWithTurbolinksUITests */ = {
			isa = PBXGroup;
			children = (
				2809ACB21E8AA662002C77BB /* WorkWithTurbolinksUITests.swift */,
				2809ACB41E8AA662002C77BB /* Info.plist */,
			);
			path = WorkWithTurbolinksUITests;
			sourceTree = "<group>";
		};
/* End PBXGroup section */

/* Begin PBXNativeTarget section */
		2809AC8E1E8AA662002C77BB /* WorkWithTurbolinks */ = {
			isa = PBXNativeTarget;
			buildConfigurationList = 2809ACB71E8AA662002C77BB /* Build configuration list for PBXNativeTarget "WorkWithTurbolinks" */;
			buildPhases = (
				2809AC8B1E8AA662002C77BB /* Sources */,
				2809AC8C1E8AA662002C77BB /* Frameworks */,
				2809AC8D1E8AA662002C77BB /* Resources */,
			);
			buildRules = (
			);
			dependencies = (
			);
			name = WorkWithTurbolinks;
			productName = WorkWithTurbolinks;
			productReference = 2809AC8F1E8AA662002C77BB /* WorkWithTurbolinks.app */;
			productType = "com.apple.product-type.application";
		};
		2809ACA21E8AA662002C77BB /* WorkWithTurbolinksTests */ = {
			isa = PBXNativeTarget;
			buildConfigurationList = 2809ACBA1E8AA662002C77BB /* Build configuration list for PBXNativeTarget "WorkWithTurbolinksTests" */;
			buildPhases = (
				2809AC9F1E8AA662002C77BB /* Sources */,
				2809ACA01E8AA662002C77BB /* Frameworks */,
				2809ACA11E8AA662002C77BB /* Resources */,
			);
			buildRules = (
			);
			dependencies = (
				2809ACA51E8AA662002C77BB /* PBXTargetDependency */,
			);
			name = WorkWithTurbolinksTests;
			productName = WorkWithTurbolinksTests;
			productReference = 2809ACA31E8AA662002C77BB /* WorkWithTurbolinksTests.xctest */;
			productType = "com.apple.product-type.bundle.unit-test";
		};
		2809ACAD1E8AA662002C77BB /* WorkWithTurbolinksUITests */ = {
			isa = PBXNativeTarget;
			buildConfigurationList = 2809ACBD1E8AA662002C77BB /* Build configuration list for PBXNativeTarget "WorkWithTurbolinksUITests" */;
			buildPhases = (
				2809ACAA1E8AA662002C77BB /* Sources */,
				2809ACAB1E8AA662002C77BB /* Frameworks */,
				2809ACAC1E8AA662002C77BB /* Resources */,
			);
			buildRules = (
			);
			dependencies = (
				2809ACB01E8AA662002C77BB /* PBXTargetDependency */,
			);
			name = WorkWithTurbolinksUITests;
			productName = WorkWithTurbolinksUITests;
			productReference = 2809ACAE1E8AA662002C77BB /* WorkWithTurbolinksUITests.xctest */;
			productType = "com.apple.product-type.bundle.ui-testing";
		};
/* End PBXNativeTarget section */

/* Begin PBXProject section */
		2809AC871E8AA662002C77BB /* Project object */ = {
			isa = PBXProject;
			attributes = {
				LastSwiftUpdateCheck = 0820;
				LastUpgradeCheck = 0820;
				ORGANIZATIONNAME = "Michael Shatskiy";
				TargetAttributes = {
					2809AC8E1E8AA662002C77BB = {
						CreatedOnToolsVersion = 8.2.1;
						ProvisioningStyle = Automatic;
					};
					2809ACA21E8AA662002C77BB = {
						CreatedOnToolsVersion = 8.2.1;
						ProvisioningStyle = Automatic;
						TestTargetID = 2809AC8E1E8AA662002C77BB;
					};
					2809ACAD1E8AA662002C77BB = {
						CreatedOnToolsVersion = 8.2.1;
						ProvisioningStyle = Automatic;
						TestTargetID = 2809AC8E1E8AA662002C77BB;
					};
				};
			};
			buildConfigurationList = 2809AC8A1E8AA662002C77BB /* Build configuration list for PBXProject "WorkWithTurbolinks" */;
			compatibilityVersion = "Xcode 3.2";
			developmentRegion = English;
			hasScannedForEncodings = 0;
			knownRegions = (
				en,
				Base,
			);
			mainGroup = 2809AC861E8AA662002C77BB;
			productRefGroup = 2809AC901E8AA662002C77BB /* Products */;
			projectDirPath = "";
			projectRoot = "";
			targets = (
				2809AC8E1E8AA662002C77BB /* WorkWithTurbolinks */,
				2809ACA21E8AA662002C77BB /* WorkWithTurbolinksTests */,
				2809ACAD1E8AA662002C77BB /* WorkWithTurbolinksUITests */,
			);
		};
/* End PBXProject section */

/* Begin PBXResourcesBuildPhase section */
		2809AC8D1E8AA662002C77BB /* Resources */ = {
			isa = PBXResourcesBuildPhase;
			buildActionMask = 2147483647;
			files = (
				2809AC9D1E8AA662002C77BB /* LaunchScreen.storyboard in Resources */,
				2809AC9A1E8AA662002C77BB /* Assets.xcassets in Resources */,
				2809AC981E8AA662002C77BB /* Main.storyboard in Resources */,
			);
			runOnlyForDeploymentPostprocessing = 0;
		};
		2809ACA11E8AA662002C77BB /* Resources */ = {
			isa = PBXResourcesBuildPhase;
			buildActionMask = 2147483647;
			files = (
			);
			runOnlyForDeploymentPostprocessing = 0;
		};
		2809ACAC1E8AA662002C77BB /* Resources */ = {
			isa = PBXResourcesBuildPhase;
			buildActionMask = 2147483647;
			files = (
			);
			runOnlyForDeploymentPostprocessing = 0;
		};
/* End PBXResourcesBuildPhase section */

/* Begin PBXSourcesBuildPhase section */
		2809AC8B1E8AA662002C77BB /* Sources */ = {
			isa = PBXSourcesBuildPhase;
			buildActionMask = 2147483647;
			files = (
				2809AC951E8AA662002C77BB /* ViewController.swift in Sources */,
				2809AC931E8AA662002C77BB /* AppDelegate.swift in Sources */,
			);
			runOnlyForDeploymentPostprocessing = 0;
		};
		2809AC9F1E8AA662002C77BB /* Sources */ = {
			isa = PBXSourcesBuildPhase;
			buildActionMask = 2147483647;
			files = (
				2809ACA81E8AA662002C77BB /* WorkWithTurbolinksTests.swift in Sources */,
			);
			runOnlyForDeploymentPostprocessing = 0;
		};
		2809ACAA1E8AA662002C77BB /* Sources */ = {
			isa = PBXSourcesBuildPhase;
			buildActionMask = 2147483647;
			files = (
				2809ACB31E8AA662002C77BB /* WorkWithTurbolinksUITests.swift in Sources */,
			);
			runOnlyForDeploymentPostprocessing = 0;
		};
/* End PBXSourcesBuildPhase section */

/* Begin PBXTargetDependency section */
		2809ACA51E8AA662002C77BB /* PBXTargetDependency */ = {
			isa = PBXTargetDependency;
			target = 2809AC8E1E8AA662002C77BB /* WorkWithTurbolinks */;
			targetProxy = 2809ACA41E8AA662002C77BB /* PBXContainerItemProxy */;
		};
		2809ACB01E8AA662002C77BB /* PBXTargetDependency */ = {
			isa = PBXTargetDependency;
			target = 2809AC8E1E8AA662002C77BB /* WorkWithTurbolinks */;
			targetProxy = 2809ACAF1E8AA662002C77BB /* PBXContainerItemProxy */;
		};
/* End PBXTargetDependency section */

/* Begin PBXVariantGroup section */
		2809AC961E8AA662002C77BB /* Main.storyboard */ = {
			isa = PBXVariantGroup;
			children = (
				2809AC971E8AA662002C77BB /* Base */,
			);
			name = Main.storyboard;
			sourceTree = "<group>";
		};
		2809AC9B1E8AA662002C77BB /* LaunchScreen.storyboard */ = {
			isa = PBXVariantGroup;
			children = (
				2809AC9C1E8AA662002C77BB /* Base */,
			);
			name = LaunchScreen.storyboard;
			sourceTree = "<group>";
		};
/* End PBXVariantGroup section */

/* Begin XCBuildConfiguration section */
		2809ACB51E8AA662002C77BB /* Debug */ = {
			isa = XCBuildConfiguration;
			buildSettings = {
				ALWAYS_SEARCH_USER_PATHS = NO;
				CLANG_ANALYZER_NONNULL = YES;
				CLANG_CXX_LANGUAGE_STANDARD = "gnu++0x";
				CLANG_CXX_LIBRARY = "libc++";
				CLANG_ENABLE_MODULES = YES;
				CLANG_ENABLE_OBJC_ARC = YES;
				CLANG_WARN_BOOL_CONVERSION = YES;
				CLANG_WARN_CONSTANT_CONVERSION = YES;
				CLANG_WARN_DIRECT_OBJC_ISA_USAGE = YES_ERROR;
				CLANG_WARN_DOCUMENTATION_COMMENTS = YES;
				CLANG_WARN_EMPTY_BODY = YES;
				CLANG_WARN_ENUM_CONVERSION = YES;
				CLANG_WARN_INFINITE_RECURSION = YES;
				CLANG_WARN_INT_CONVERSION = YES;
				CLANG_WARN_OBJC_ROOT_CLASS = YES_ERROR;
				CLANG_WARN_SUSPICIOUS_MOVE = YES;
				CLANG_WARN_UNREACHABLE_CODE = YES;
				CLANG_WARN__DUPLICATE_METHOD_MATCH = YES;
				"CODE_SIGN_IDENTITY[sdk=iphoneos*]" = "iPhone Developer";
				COPY_PHASE_STRIP = NO;
				DEBUG_INFORMATION_FORMAT = dwarf;
				ENABLE_STRICT_OBJC_MSGSEND = YES;
				ENABLE_TESTABILITY = YES;
				GCC_C_LANGUAGE_STANDARD = gnu99;
				GCC_DYNAMIC_NO_PIC = NO;
				GCC_NO_COMMON_BLOCKS = YES;
				GCC_OPTIMIZATION_LEVEL = 0;
				GCC_PREPROCESSOR_DEFINITIONS = (
					"DEBUG=1",
					"$(inherited)",
				);
				GCC_WARN_64_TO_32_BIT_CONVERSION = YES;
				GCC_WARN_ABOUT_RETURN_TYPE = YES_ERROR;
				GCC_WARN_UNDECLARED_SELECTOR = YES;
				GCC_WARN_UNINITIALIZED_AUTOS = YES_AGGRESSIVE;
				GCC_WARN_UNUSED_FUNCTION = YES;
				GCC_WARN_UNUSED_VARIABLE = YES;
				IPHONEOS_DEPLOYMENT_TARGET = 10.2;
				MTL_ENABLE_DEBUG_INFO = YES;
				ONLY_ACTIVE_ARCH = YES;
				SDKROOT = iphoneos;
				SWIFT_ACTIVE_COMPILATION_CONDITIONS = DEBUG;
				SWIFT_OPTIMIZATION_LEVEL = "-Onone";
				TARGETED_DEVICE_FAMILY = "1,2";
			};
			name = Debug;
		};
		2809ACB61E8AA662002C77BB /* Release */ = {
			isa = XCBuildConfiguration;
			buildSettings = {
				ALWAYS_SEARCH_USER_PATHS = NO;
				CLANG_ANALYZER_NONNULL = YES;
				CLANG_CXX_LANGUAGE_STANDARD = "gnu++0x";
				CLANG_CXX_LIBRARY = "libc++";
				CLANG_ENABLE_MODULES = YES;
				CLANG_ENABLE_OBJC_ARC = YES;
				CLANG_WARN_BOOL_CONVERSION = YES;
				CLANG_WARN_CONSTANT_CONVERSION = YES;
				CLANG_WARN_DIRECT_OBJC_ISA_USAGE = YES_ERROR;
				CLANG_WARN_DOCUMENTATION_COMMENTS = YES;
				CLANG_WARN_EMPTY_BODY = YES;
				CLANG_WARN_ENUM_CONVERSION = YES;
				CLANG_WARN_INFINITE_RECURSION = YES;
				CLANG_WARN_INT_CONVERSION = YES;
				CLANG_WARN_OBJC_ROOT_CLASS = YES_ERROR;
				CLANG_WARN_SUSPICIOUS_MOVE = YES;
				CLANG_WARN_UNREACHABLE_CODE = YES;
				CLANG_WARN__DUPLICATE_METHOD_MATCH = YES;
				"CODE_SIGN_IDENTITY[sdk=iphoneos*]" = "iPhone Developer";
				COPY_PHASE_STRIP = NO;
				DEBUG_INFORMATION_FORMAT = "dwarf-with-dsym";
				ENABLE_NS_ASSERTIONS = NO;
				ENABLE_STRICT_OBJC_MSGSEND = YES;
				GCC_C_LANGUAGE_STANDARD = gnu99;
				GCC_NO_COMMON_BLOCKS = YES;
				GCC_WARN_64_TO_32_BIT_CONVERSION = YES;
				GCC_WARN_ABOUT_RETURN_TYPE = YES_ERROR;
				GCC_WARN_UNDECLARED_SELECTOR = YES;
				GCC_WARN_UNINITIALIZED_AUTOS = YES_AGGRESSIVE;
				GCC_WARN_UNUSED_FUNCTION = YES;
				GCC_WARN_UNUSED_VARIABLE = YES;
				IPHONEOS_DEPLOYMENT_TARGET = 10.2;
				MTL_ENABLE_DEBUG_INFO = NO;
				SDKROOT = iphoneos;
				SWIFT_OPTIMIZATION_LEVEL = "-Owholemodule";
				TARGETED_DEVICE_FAMILY = "1,2";
				VALIDATE_PRODUCT = YES;
			};
			name = Release;
		};
		2809ACB81E8AA662002C77BB /* Debug */ = {
			isa = XCBuildConfiguration;
			buildSettings = {
				ASSETCATALOG_COMPILER_APPICON_NAME = AppIcon;
				INFOPLIST_FILE = WorkWithTurbolinks/Info.plist;
				LD_RUNPATH_SEARCH_PATHS = "$(inherited) @executable_path/Frameworks";
				PRODUCT_BUNDLE_IDENTIFIER = "-21.WorkWithTurbolinks";
				PRODUCT_NAME = "$(TARGET_NAME)";
				SWIFT_VERSION = 3.0;
			};
			name = Debug;
		};
		2809ACB91E8AA662002C77BB /* Release */ = {
			isa = XCBuildConfiguration;
			buildSettings = {
				ASSETCATALOG_COMPILER_APPICON_NAME = AppIcon;
				INFOPLIST_FILE = WorkWithTurbolinks/Info.plist;
				LD_RUNPATH_SEARCH_PATHS = "$(inherited) @executable_path/Frameworks";
				PRODUCT_BUNDLE_IDENTIFIER = "-21.WorkWithTurbolinks";
				PRODUCT_NAME = "$(TARGET_NAME)";
				SWIFT_VERSION = 3.0;
			};
			name = Release;
		};
		2809ACBB1E8AA662002C77BB /* Debug */ = {
			isa = XCBuildConfiguration;
			buildSettings = {
				ALWAYS_EMBED_SWIFT_STANDARD_LIBRARIES = YES;
				BUNDLE_LOADER = "$(TEST_HOST)";
				INFOPLIST_FILE = WorkWithTurbolinksTests/Info.plist;
				LD_RUNPATH_SEARCH_PATHS = "$(inherited) @executable_path/Frameworks @loader_path/Frameworks";
				PRODUCT_BUNDLE_IDENTIFIER = "-21.WorkWithTurbolinksTests";
				PRODUCT_NAME = "$(TARGET_NAME)";
				SWIFT_VERSION = 3.0;
				TEST_HOST = "$(BUILT_PRODUCTS_DIR)/WorkWithTurbolinks.app/WorkWithTurbolinks";
			};
			name = Debug;
		};
		2809ACBC1E8AA662002C77BB /* Release */ = {
			isa = XCBuildConfiguration;
			buildSettings = {
				ALWAYS_EMBED_SWIFT_STANDARD_LIBRARIES = YES;
				BUNDLE_LOADER = "$(TEST_HOST)";
				INFOPLIST_FILE = WorkWithTurbolinksTests/Info.plist;
				LD_RUNPATH_SEARCH_PATHS = "$(inherited) @executable_path/Frameworks @loader_path/Frameworks";
				PRODUCT_BUNDLE_IDENTIFIER = "-21.WorkWithTurbolinksTests";
				PRODUCT_NAME = "$(TARGET_NAME)";
				SWIFT_VERSION = 3.0;
				TEST_HOST = "$(BUILT_PRODUCTS_DIR)/WorkWithTurbolinks.app/WorkWithTurbolinks";
			};
			name = Release;
		};
		2809ACBE1E8AA662002C77BB /* Debug */ = {
			isa = XCBuildConfiguration;
			buildSettings = {
				ALWAYS_EMBED_SWIFT_STANDARD_LIBRARIES = YES;
				INFOPLIST_FILE = WorkWithTurbolinksUITests/Info.plist;
				LD_RUNPATH_SEARCH_PATHS = "$(inherited) @executable_path/Frameworks @loader_path/Frameworks";
				PRODUCT_BUNDLE_IDENTIFIER = "-21.WorkWithTurbolinksUITests";
				PRODUCT_NAME = "$(TARGET_NAME)";
				SWIFT_VERSION = 3.0;
				TEST_TARGET_NAME = WorkWithTurbolinks;
			};
			name = Debug;
		};
		2809ACBF1E8AA662002C77BB /* Release */ = {
			isa = XCBuildConfiguration;
			buildSettings = {
				ALWAYS_EMBED_SWIFT_STANDARD_LIBRARIES = YES;
				INFOPLIST_FILE = WorkWithTurbolinksUITests/Info.plist;
				LD_RUNPATH_SEARCH_PATHS = "$(inherited) @executable_path/Frameworks @loader_path/Frameworks";
				PRODUCT_BUNDLE_IDENTIFIER = "-21.WorkWithTurbolinksUITests";
				PRODUCT_NAME = "$(TARGET_NAME)";
				SWIFT_VERSION = 3.0;
				TEST_TARGET_NAME = WorkWithTurbolinks;
			};
			name = Release;
		};
/* End XCBuildConfiguration section */

/* Begin XCConfigurationList section */
		2809AC8A1E8AA662002C77BB /* Build configuration list for PBXProject "WorkWithTurbolinks" */ = {
			isa = XCConfigurationList;
			buildConfigurations = (
				2809ACB51E8AA662002C77BB /* Debug */,
				2809ACB61E8AA662002C77BB /* Release */,
			);
			defaultConfigurationIsVisible = 0;
			defaultConfigurationName = Release;
		};
		2809ACB71E8AA662002C77BB /* Build configuration list for PBXNativeTarget "WorkWithTurbolinks" */ = {
			isa = XCConfigurationList;
			buildConfigurations = (
				2809ACB81E8AA662002C77BB /* Debug */,
				2809ACB91E8AA662002C77BB /* Release */,
			);
			defaultConfigurationIsVisible = 0;
		};
		2809ACBA1E8AA662002C77BB /* Build configuration list for PBXNativeTarget "WorkWithTurbolinksTests" */ = {
			isa = XCConfigurationList;
			buildConfigurations = (
				2809ACBB1E8AA662002C77BB /* Debug */,
				2809ACBC1E8AA662002C77BB /* Release */,
			);
			defaultConfigurationIsVisible = 0;
		};
		2809ACBD1E8AA662002C77BB /* Build configuration list for PBXNativeTarget "WorkWithTurbolinksUITests" */ = {
			isa = XCConfigurationList;
			buildConfigurations = (
				2809ACBE1E8AA662002C77BB /* Debug */,
				2809ACBF1E8AA662002C77BB /* Release */,
			);
			defaultConfigurationIsVisible = 0;
		};
/* End XCConfigurationList section */
	};
	rootObject = 2809AC871E8AA662002C77BB /* Project object */;
}
